
Microsoft Visual Studio Solution File, Format Version 12.00
# Visual Studio Version 16
VisualStudioVersion = 16.0.31613.86
MinimumVisualStudioVersion = 10.0.40219.1
Project("{FAE04EC0-301F-11D3-BF4B-00C04F79EFBC}") = "Task_Manager", "Task_Manager.csproj", "{954C50E7-4915-4304-86A6-18B498E2419A}"
EndProject
Global
	GlobalSection(SolutionConfigurationPlatforms) = preSolution
		Debug|Any CPU = Debug|Any CPU
		Release|Any CPU = Release|Any CPU
	EndGlobalSection
	GlobalSection(ProjectConfigurationPlatforms) = postSolution
		{954C50E7-4915-4304-86A6-18B498E2419A}.Debug|Any CPU.ActiveCfg = Debug|Any CPU
		{954C50E7-4915-4304-86A6-18B498E2419A}.Debug|Any CPU.Build.0 = Debug|Any CPU
		{954C50E7-4915-4304-86A6-18B498E2419A}.Release|Any CPU.ActiveCfg = Release|Any CPU
		{954C50E7-4915-4304-86A6-18B498E2419A}.Release|Any CPU.Build.0 = Release|Any CPU
	EndGlobalSection
	GlobalSection(SolutionProperties) = preSolution
		HideSolutionNode = FALSE
	EndGlobalSection
	GlobalSection(ExtensibilityGlobals) = postSolution
		SolutionGuid = {6726CC0F-45FA-4F46-BFD0-89EB672E91B4}
	EndGlobalSection
EndGlobal
